
Microsoft Visual Studio Solution File, Format Version 12.00
# Visual Studio Version 17
VisualStudioVersion = 17.11.35312.102
MinimumVisualStudioVersion = 10.0.40219.1
Project("{FAE04EC0-301F-11D3-BF4B-00C04F79EFBC}") = "AuthenticationLogin", "AuthenticationLogin\AuthenticationLogin.csproj", "{BB77E288-C560-4D0A-B32F-32F0AFF11053}"
EndProject
Global
	GlobalSection(SolutionConfigurationPlatforms) = preSolution
		Debug|Any CPU = Debug|Any CPU
		Release|Any CPU = Release|Any CPU
	EndGlobalSection
	GlobalSection(ProjectConfigurationPlatforms) = postSolution
		{BB77E288-C560-4D0A-B32F-32F0AFF11053}.Debug|Any CPU.ActiveCfg = Debug|Any CPU
		{BB77E288-C560-4D0A-B32F-32F0AFF11053}.Debug|Any CPU.Build.0 = Debug|Any CPU
		{BB77E288-C560-4D0A-B32F-32F0AFF11053}.Release|Any CPU.ActiveCfg = Release|Any CPU
		{BB77E288-C560-4D0A-B32F-32F0AFF11053}.Release|Any CPU.Build.0 = Release|Any CPU
	EndGlobalSection
	GlobalSection(SolutionProperties) = preSolution
		HideSolutionNode = FALSE
	EndGlobalSection
	GlobalSection(ExtensibilityGlobals) = postSolution
		SolutionGuid = {B03B0994-38AE-4719-AC48-64C3CE22E702}
	EndGlobalSection
EndGlobal
